
Microsoft Visual Studio Solution File, Format Version 12.00
# Visual Studio Version 17
VisualStudioVersion = 17.14.36414.22
MinimumVisualStudioVersion = 10.0.40219.1
Project("{2150E333-8FDC-42A3-9474-1A3956D46DE8}") = "Task0", "Task0", "{02EA681E-C7D8-13C7-8484-4AC65E1B71E8}"
EndProject
Project("{FAE04EC0-301F-11D3-BF4B-00C04F79EFBC}") = "Tyuiu.PupovAA.Sprint1.Task0.V26", "Tyuiu.PupovAA.Sprint1.Task0.V26\Tyuiu.PupovAA.Sprint1.Task0.V26.csproj", "{81AC8048-E9C0-4315-B0D6-DFA9B5BEDA7A}"
EndProject
Project("{FAE04EC0-301F-11D3-BF4B-00C04F79EFBC}") = "Tyuiu.PupovAA.Sprint1.Task0.V26.Lib", "Tyuiu.PupovAA.Sprint1.Task0.V26.Lib\Tyuiu.PupovAA.Sprint1.Task0.V26.Lib.csproj", "{C9505EE4-B8C8-4EF4-874B-B17C4DD646F0}"
EndProject
Project("{FAE04EC0-301F-11D3-BF4B-00C04F79EFBC}") = "Tyuiu.PupovAA.Sprint1.Task0.V26.Test", "Tyuiu.PupovAA.Sprint1.Task0.V26.Test\Tyuiu.PupovAA.Sprint1.Task0.V26.Test.csproj", "{5D5CDACF-35F6-4E3E-A563-FC30657D0679}"
EndProject
Project("{2150E333-8FDC-42A3-9474-1A3956D46DE8}") = "Task1", "Task1", "{AC7BE9A6-459C-4026-91E1-8D9F19D487EE}"
EndProject
Project("{FAE04EC0-301F-11D3-BF4B-00C04F79EFBC}") = "Tyuiu.PupovAA.Sprint1.Task1.V21", "Tyuiu.PupovAA.Sprint1.Task1.V21\Tyuiu.PupovAA.Sprint1.Task1.V21.csproj", "{5B4D3011-D487-48BA-B68E-BC17BA80DC6B}"
EndProject
Project("{FAE04EC0-301F-11D3-BF4B-00C04F79EFBC}") = "Tyuiu.PupovAA.Sprint1.Task1.V21.Lib", "Tyuiu.PupovAA.Sprint1.Task1.V21.Lib\Tyuiu.PupovAA.Sprint1.Task1.V21.Lib.csproj", "{A3AFA75A-C078-4618-9230-30E92633C5C7}"
EndProject
Project("{FAE04EC0-301F-11D3-BF4B-00C04F79EFBC}") = "Tyuiu.PupovAA.Sprint1.Task1.V21.Test", "Tyuiu.PupovAA.Sprint1.Task1.V21.Test\Tyuiu.PupovAA.Sprint1.Task1.V21.Test.csproj", "{AAF869C2-3777-457E-AB80-1215C20C2EC0}"
EndProject
Project("{2150E333-8FDC-42A3-9474-1A3956D46DE8}") = "Task3", "Task3", "{F835F59A-B0A9-430D-8371-5C700DC9E5F2}"
EndProject
Project("{FAE04EC0-301F-11D3-BF4B-00C04F79EFBC}") = "Tyuiu.PupovAA.Sprint1.Task2.V6", "Tyuiu.PupovAA.Sprint1.Task2.V6\Tyuiu.PupovAA.Sprint1.Task2.V6.csproj", "{DFB09366-EB7F-430B-80F1-4DDF8A130140}"
EndProject
Project("{FAE04EC0-301F-11D3-BF4B-00C04F79EFBC}") = "Tyuiu.PupovAA.Sprint1.Task2.V6.Lib", "Tyuiu.PupovAA.Sprint1.Task2.V6.Lib\Tyuiu.PupovAA.Sprint1.Task2.V6.Lib.csproj", "{D09A9B09-177F-4303-833E-F83649908420}"
EndProject
Project("{FAE04EC0-301F-11D3-BF4B-00C04F79EFBC}") = "Tyuiu.PupovAA.Sprint1.Task2.V6.Test", "Tyuiu.PupovAA.Sprint1.Task2.V6.Test\Tyuiu.PupovAA.Sprint1.Task2.V6.Test.csproj", "{9C2D1921-2861-4416-ADF7-49D0A2FE8C07}"
EndProject
Global
	GlobalSection(SolutionConfigurationPlatforms) = preSolution
		Debug|Any CPU = Debug|Any CPU
		Release|Any CPU = Release|Any CPU
	EndGlobalSection
	GlobalSection(ProjectConfigurationPlatforms) = postSolution
		{81AC8048-E9C0-4315-B0D6-DFA9B5BEDA7A}.Debug|Any CPU.ActiveCfg = Debug|Any CPU
		{81AC8048-E9C0-4315-B0D6-DFA9B5BEDA7A}.Debug|Any CPU.Build.0 = Debug|Any CPU
		{81AC8048-E9C0-4315-B0D6-DFA9B5BEDA7A}.Release|Any CPU.ActiveCfg = Release|Any CPU
		{81AC8048-E9C0-4315-B0D6-DFA9B5BEDA7A}.Release|Any CPU.Build.0 = Release|Any CPU
		{C9505EE4-B8C8-4EF4-874B-B17C4DD646F0}.Debug|Any CPU.ActiveCfg = Debug|Any CPU
		{C9505EE4-B8C8-4EF4-874B-B17C4DD646F0}.Debug|Any CPU.Build.0 = Debug|Any CPU
		{C9505EE4-B8C8-4EF4-874B-B17C4DD646F0}.Release|Any CPU.ActiveCfg = Release|Any CPU
		{C9505EE4-B8C8-4EF4-874B-B17C4DD646F0}.Release|Any CPU.Build.0 = Release|Any CPU
		{5D5CDACF-35F6-4E3E-A563-FC30657D0679}.Debug|Any CPU.ActiveCfg = Debug|Any CPU
		{5D5CDACF-35F6-4E3E-A563-FC30657D0679}.Debug|Any CPU.Build.0 = Debug|Any CPU
		{5D5CDACF-35F6-4E3E-A563-FC30657D0679}.Release|Any CPU.ActiveCfg = Release|Any CPU
		{5D5CDACF-35F6-4E3E-A563-FC30657D0679}.Release|Any CPU.Build.0 = Release|Any CPU
		{5B4D3011-D487-48BA-B68E-BC17BA80DC6B}.Debug|Any CPU.ActiveCfg = Debug|Any CPU
		{5B4D3011-D487-48BA-B68E-BC17BA80DC6B}.Debug|Any CPU.Build.0 = Debug|Any CPU
		{5B4D3011-D487-48BA-B68E-BC17BA80DC6B}.Release|Any CPU.ActiveCfg = Release|Any CPU
		{5B4D3011-D487-48BA-B68E-BC17BA80DC6B}.Release|Any CPU.Build.0 = Release|Any CPU
		{A3AFA75A-C078-4618-9230-30E92633C5C7}.Debug|Any CPU.ActiveCfg = Debug|Any CPU
		{A3AFA75A-C078-4618-9230-30E92633C5C7}.Debug|Any CPU.Build.0 = Debug|Any CPU
		{A3AFA75A-C078-4618-9230-30E92633C5C7}.Release|Any CPU.ActiveCfg = Release|Any CPU
		{A3AFA75A-C078-4618-9230-30E92633C5C7}.Release|Any CPU.Build.0 = Release|Any CPU
		{AAF869C2-3777-457E-AB80-1215C20C2EC0}.Debug|Any CPU.ActiveCfg = Debug|Any CPU
		{AAF869C2-3777-457E-AB80-1215C20C2EC0}.Debug|Any CPU.Build.0 = Debug|Any CPU
		{AAF869C2-3777-457E-AB80-1215C20C2EC0}.Release|Any CPU.ActiveCfg = Release|Any CPU
		{AAF869C2-3777-457E-AB80-1215C20C2EC0}.Release|Any CPU.Build.0 = Release|Any CPU
		{DFB09366-EB7F-430B-80F1-4DDF8A130140}.Debug|Any CPU.ActiveCfg = Debug|Any CPU
		{DFB09366-EB7F-430B-80F1-4DDF8A130140}.Debug|Any CPU.Build.0 = Debug|Any CPU
		{DFB09366-EB7F-430B-80F1-4DDF8A130140}.Release|Any CPU.ActiveCfg = Release|Any CPU
		{DFB09366-EB7F-430B-80F1-4DDF8A130140}.Release|Any CPU.Build.0 = Release|Any CPU
		{D09A9B09-177F-4303-833E-F83649908420}.Debug|Any CPU.ActiveCfg = Debug|Any CPU
		{D09A9B09-177F-4303-833E-F83649908420}.Debug|Any CPU.Build.0 = Debug|Any CPU
		{D09A9B09-177F-4303-833E-F83649908420}.Release|Any CPU.ActiveCfg = Release|Any CPU
		{D09A9B09-177F-4303-833E-F83649908420}.Release|Any CPU.Build.0 = Release|Any CPU
		{9C2D1921-2861-4416-ADF7-49D0A2FE8C07}.Debug|Any CPU.ActiveCfg = Debug|Any CPU
		{9C2D1921-2861-4416-ADF7-49D0A2FE8C07}.Debug|Any CPU.Build.0 = Debug|Any CPU
		{9C2D1921-2861-4416-ADF7-49D0A2FE8C07}.Release|Any CPU.ActiveCfg = Release|Any CPU
		{9C2D1921-2861-4416-ADF7-49D0A2FE8C07}.Release|Any CPU.Build.0 = Release|Any CPU
	EndGlobalSection
	GlobalSection(SolutionProperties) = preSolution
		HideSolutionNode = FALSE
	EndGlobalSection
	GlobalSection(NestedProjects) = preSolution
		{81AC8048-E9C0-4315-B0D6-DFA9B5BEDA7A} = {02EA681E-C7D8-13C7-8484-4AC65E1B71E8}
		{C9505EE4-B8C8-4EF4-874B-B17C4DD646F0} = {02EA681E-C7D8-13C7-8484-4AC65E1B71E8}
		{5D5CDACF-35F6-4E3E-A563-FC30657D0679} = {02EA681E-C7D8-13C7-8484-4AC65E1B71E8}
		{5B4D3011-D487-48BA-B68E-BC17BA80DC6B} = {AC7BE9A6-459C-4026-91E1-8D9F19D487EE}
		{A3AFA75A-C078-4618-9230-30E92633C5C7} = {AC7BE9A6-459C-4026-91E1-8D9F19D487EE}
		{AAF869C2-3777-457E-AB80-1215C20C2EC0} = {AC7BE9A6-459C-4026-91E1-8D9F19D487EE}
		{DFB09366-EB7F-430B-80F1-4DDF8A130140} = {F835F59A-B0A9-430D-8371-5C700DC9E5F2}
		{D09A9B09-177F-4303-833E-F83649908420} = {F835F59A-B0A9-430D-8371-5C700DC9E5F2}
		{9C2D1921-2861-4416-ADF7-49D0A2FE8C07} = {F835F59A-B0A9-430D-8371-5C700DC9E5F2}
	EndGlobalSection
	GlobalSection(ExtensibilityGlobals) = postSolution
		SolutionGuid = {2997E8A3-7072-48B6-B51C-57AD6B4786C2}
	EndGlobalSection
EndGlobal
